{
  "name": "@reazuliqbal/tsconfig",
  "version": "0.1.0",
  "lockfileVersion": 3,
  "requires": true,
  "packages": {
    "": {
      "name": "@reazuliqbal/tsconfig",
      "version": "0.1.0",
      "license": "MIT",
      "dependencies": {
        "@tsconfig/node-lts": "^22.0.1"
      }
    },
    "node_modules/@tsconfig/node-lts": {
      "version": "22.0.1",
      "resolved": "https://registry.npmjs.org/@tsconfig/node-lts/-/node-lts-22.0.1.tgz",
      "integrity": "sha512-BwlbLiYurZKrj+Pa6etSE1jXmr3VEDdgJto1jEYKcpBVwZZSWVkCPyFEFYbHdIOaFMlSTtV206DYPlT109aqug==",
      "license": "MIT"
    }
  }
}
